{
  "requires": true,
  "lockfileVersion": 1,
  "dependencies": {
    "asn1.js": {
      "version": "1.0.3",
      "resolved": "https://registry.npmjs.org/asn1.js/-/asn1.js-1.0.3.tgz",
      "integrity": "sha1-KBuj7B8kSP52X5Kk7s+IP+E2S1Q=",
      "requires": {
        "bn.js": "1.3.0",
        "inherits": "2.0.3",
        "minimalistic-assert": "1.0.0"
      }
    },
    "bn.js": {
      "version": "1.3.0",
      "resolved": "https://registry.npmjs.org/bn.js/-/bn.js-1.3.0.tgz",
      "integrity": "sha1-DbTL+W+PI7dC9by50ap6mZSgXoM=",
      "optional": true
    },
    "inherits": {
      "version": "2.0.3",
      "resolved": "https://registry.npmjs.org/inherits/-/inherits-2.0.3.tgz",
      "integrity": "sha1-Yzwsg+PaQqUC9SRmAiSA9CCCYd4="
    },
    "minimalistic-assert": {
      "version": "1.0.0",
      "resolved": "https://registry.npmjs.org/minimalistic-assert/-/minimalistic-assert-1.0.0.tgz",
      "integrity": "sha1-cCvi3aazf0g2vLP121ZkG2Sh09M="
    },
    "pem-jwk": {
      "version": "1.5.1",
      "resolved": "https://registry.npmjs.org/pem-jwk/-/pem-jwk-1.5.1.tgz",
      "integrity": "sha1-eoY3/S9nqCflfAxC4cI8P9Us+wE=",
      "requires": {
        "asn1.js": "1.0.3"
      }
    }
  }
}
